
Microsoft Visual Studio Solution File, Format Version 11.00
# Visual Studio 2010
Project("{FAE04EC0-301F-11D3-BF4B-00C04F79EFBC}") = "Assembly-CSharp", "Assembly-CSharp.csproj", "{de5e6a76-46e6-6daf-e22e-79096c5296ce}"
EndProject
Project("{FAE04EC0-301F-11D3-BF4B-00C04F79EFBC}") = "PhotonRealtime", "PhotonRealtime.csproj", "{4554fc85-76b4-64c9-5509-935428050603}"
EndProject
Project("{FAE04EC0-301F-11D3-BF4B-00C04F79EFBC}") = "PhotonUnityNetworking", "PhotonUnityNetworking.csproj", "{6d7fb53f-202e-6b74-bfae-36472e829853}"
EndProject
Project("{FAE04EC0-301F-11D3-BF4B-00C04F79EFBC}") = "PhotonUnityNetworking.Utilities", "PhotonUnityNetworking.Utilities.csproj", "{bf2ab1a8-1c7f-a41e-8545-dfca5cdce2c7}"
EndProject
Project("{FAE04EC0-301F-11D3-BF4B-00C04F79EFBC}") = "PhotonChat", "PhotonChat.csproj", "{f37182af-1750-a7dd-9b3c-a09dfb0ca52c}"
EndProject
Project("{FAE04EC0-301F-11D3-BF4B-00C04F79EFBC}") = "PhotonUnityNetworking.Editor", "PhotonUnityNetworking.Editor.csproj", "{d68c8502-5c2b-9bc9-e44d-3901f959bd43}"
EndProject
Project("{FAE04EC0-301F-11D3-BF4B-00C04F79EFBC}") = "PhotonUnityNetworking.Utilities.PhotonPlayer.Editor", "PhotonUnityNetworking.Utilities.PhotonPlayer.Editor.csproj", "{154470d3-4af5-23bf-d428-7f3dad70c9a3}"
EndProject
Project("{FAE04EC0-301F-11D3-BF4B-00C04F79EFBC}") = "PhotonUnityNetworking.Utilities.Culling.Editor", "PhotonUnityNetworking.Utilities.Culling.Editor.csproj", "{056622c4-518f-e050-af27-87e791a42727}"
EndProject
Project("{FAE04EC0-301F-11D3-BF4B-00C04F79EFBC}") = "Assembly-CSharp-Editor", "Assembly-CSharp-Editor.csproj", "{6f89cd76-d539-d963-2df6-bcacc9811ecf}"
EndProject
Global
	GlobalSection(SolutionConfigurationPlatforms) = preSolution
		Debug|Any CPU = Debug|Any CPU
	EndGlobalSection
	GlobalSection(ProjectConfigurationPlatforms) = postSolution
		{de5e6a76-46e6-6daf-e22e-79096c5296ce}.Debug|Any CPU.ActiveCfg = Debug|Any CPU
		{de5e6a76-46e6-6daf-e22e-79096c5296ce}.Debug|Any CPU.Build.0 = Debug|Any CPU
		{4554fc85-76b4-64c9-5509-935428050603}.Debug|Any CPU.ActiveCfg = Debug|Any CPU
		{4554fc85-76b4-64c9-5509-935428050603}.Debug|Any CPU.Build.0 = Debug|Any CPU
		{6d7fb53f-202e-6b74-bfae-36472e829853}.Debug|Any CPU.ActiveCfg = Debug|Any CPU
		{6d7fb53f-202e-6b74-bfae-36472e829853}.Debug|Any CPU.Build.0 = Debug|Any CPU
		{bf2ab1a8-1c7f-a41e-8545-dfca5cdce2c7}.Debug|Any CPU.ActiveCfg = Debug|Any CPU
		{bf2ab1a8-1c7f-a41e-8545-dfca5cdce2c7}.Debug|Any CPU.Build.0 = Debug|Any CPU
		{f37182af-1750-a7dd-9b3c-a09dfb0ca52c}.Debug|Any CPU.ActiveCfg = Debug|Any CPU
		{f37182af-1750-a7dd-9b3c-a09dfb0ca52c}.Debug|Any CPU.Build.0 = Debug|Any CPU
		{d68c8502-5c2b-9bc9-e44d-3901f959bd43}.Debug|Any CPU.ActiveCfg = Debug|Any CPU
		{d68c8502-5c2b-9bc9-e44d-3901f959bd43}.Debug|Any CPU.Build.0 = Debug|Any CPU
		{154470d3-4af5-23bf-d428-7f3dad70c9a3}.Debug|Any CPU.ActiveCfg = Debug|Any CPU
		{154470d3-4af5-23bf-d428-7f3dad70c9a3}.Debug|Any CPU.Build.0 = Debug|Any CPU
		{056622c4-518f-e050-af27-87e791a42727}.Debug|Any CPU.ActiveCfg = Debug|Any CPU
		{056622c4-518f-e050-af27-87e791a42727}.Debug|Any CPU.Build.0 = Debug|Any CPU
		{6f89cd76-d539-d963-2df6-bcacc9811ecf}.Debug|Any CPU.ActiveCfg = Debug|Any CPU
		{6f89cd76-d539-d963-2df6-bcacc9811ecf}.Debug|Any CPU.Build.0 = Debug|Any CPU
	EndGlobalSection
	GlobalSection(SolutionProperties) = preSolution
		HideSolutionNode = FALSE
	EndGlobalSection
EndGlobal
